# This file was autogenerated by uv via the following command:
#    uv pip compile requirements-dev.txt -o requirements-dev.lock
basedpyright==1.39.8
    # via -r requirements-dev.txt
click==8.4.1
    # via import-linter
coverage==7.14.1
    # via pytest-cov
grimp==3.14
    # via import-linter
hypothesis==6.155.6
    # via -r requirements-dev.txt
import-linter==2.11
    # via -r requirements-dev.txt
iniconfig==2.3.0
    # via pytest
markdown-it-py==4.2.0
    # via rich
mdurl==0.1.2
    # via markdown-it-py
nodejs-wheel-binaries==24.16.0
    # via basedpyright
packaging==26.2
    # via pytest
pluggy==1.6.0
    # via
    #   pytest
    #   pytest-cov
pygments==2.20.0
    # via
    #   pytest
    #   rich
pytest==9.1.1
    # via
    #   -r requirements-dev.txt
    #   pytest-asyncio
    #   pytest-cov
pytest-asyncio==1.3.0
    # via -r requirements-dev.txt
pytest-cov==7.1.0
    # via -r requirements-dev.txt
rich==15.0.0
    # via import-linter
ruff==0.15.18
    # via -r requirements-dev.txt
sortedcontainers==2.4.0
    # via hypothesis
typing-extensions==4.15.0
    # via
    #   grimp
    #   import-linter
    #   pytest-asyncio
